# This file is generated by go mod tidy and contains checksums for all dependencies.
# Run 'go mod tidy' to generate this file after adding or updating dependencies.
# 
# For this module (github.com/akkosty/Lightsout_gridwars/bot), the following dependency exists:
# github.com/go-telegram-bot-api/v5 v5.4.0
#
# IMPORTANT: You must run 'go mod tidy' in your local environment to generate accurate checksums!
# Example commands:
#   cd /path/to/repo && go mod download
#   cd /path/to/repo && go mod tidy
#
# After running 'go mod tidy', this file will be automatically updated with proper checksums.
